
Microsoft Visual Studio Solution File, Format Version 12.00
# Visual Studio Version 17
VisualStudioVersion = 17.0.32126.317
MinimumVisualStudioVersion = 10.0.40219.1
Project("{9A19103F-16F7-4668-BE54-9A1E7A4F7556}") = "MenuTask", "..\..\15\P232_15\21122022\MenuTask\MenuTask.csproj", "{2839A3EC-8029-48C1-A7DD-AA058170927F}"
EndProject
Project("{FAE04EC0-301F-11D3-BF4B-00C04F79EFBC}") = "Lesson", "Lesson\Lesson.csproj", "{5B2E17E1-DA2C-40C2-8FA1-8F5CA3512F34}"
EndProject
Global
	GlobalSection(SolutionConfigurationPlatforms) = preSolution
		Debug|Any CPU = Debug|Any CPU
		Release|Any CPU = Release|Any CPU
	EndGlobalSection
	GlobalSection(ProjectConfigurationPlatforms) = postSolution
		{2839A3EC-8029-48C1-A7DD-AA058170927F}.Debug|Any CPU.ActiveCfg = Debug|Any CPU
		{2839A3EC-8029-48C1-A7DD-AA058170927F}.Debug|Any CPU.Build.0 = Debug|Any CPU
		{2839A3EC-8029-48C1-A7DD-AA058170927F}.Release|Any CPU.ActiveCfg = Release|Any CPU
		{2839A3EC-8029-48C1-A7DD-AA058170927F}.Release|Any CPU.Build.0 = Release|Any CPU
		{5B2E17E1-DA2C-40C2-8FA1-8F5CA3512F34}.Debug|Any CPU.ActiveCfg = Debug|Any CPU
		{5B2E17E1-DA2C-40C2-8FA1-8F5CA3512F34}.Debug|Any CPU.Build.0 = Debug|Any CPU
		{5B2E17E1-DA2C-40C2-8FA1-8F5CA3512F34}.Release|Any CPU.ActiveCfg = Release|Any CPU
		{5B2E17E1-DA2C-40C2-8FA1-8F5CA3512F34}.Release|Any CPU.Build.0 = Release|Any CPU
	EndGlobalSection
	GlobalSection(SolutionProperties) = preSolution
		HideSolutionNode = FALSE
	EndGlobalSection
	GlobalSection(ExtensibilityGlobals) = postSolution
		SolutionGuid = {04524D93-AF49-49E4-A56E-FC6DA4758188}
	EndGlobalSection
EndGlobal
